Microsoft Visual Studio Solution File, Format Version 12.00
# Visual Studio 15
VisualStudioVersion = 15.0.27428.2037
MinimumVisualStudioVersion = 10.0.40219.1
Project("{FAE04EC0-301F-11D3-BF4B-00C04F79EFBC}") = "Sample.Android", "Sample.Android\Sample.Android.csproj", "{15ED361C-5753-428E-A741-8DD8A8867A3C}"
EndProject
Project("{FAE04EC0-301F-11D3-BF4B-00C04F79EFBC}") = "Sample.iOS", "Sample.iOS\Sample.iOS.csproj", "{DD940CA7-525F-4F47-BFA7-55BA7EB8F56C}"
EndProject
Project("{9A19103F-16F7-4668-BE54-9A1E7A4F7556}") = "Sample", "Sample\Sample.csproj", "{25096A97-772C-407E-A489-F5511B1C2504}"
EndProject
Global
	GlobalSection(SolutionConfigurationPlatforms) = preSolution
		Ad-Hoc|Any CPU = Ad-Hoc|Any CPU
		Ad-Hoc|iPhone = Ad-Hoc|iPhone
		Ad-Hoc|iPhoneSimulator = Ad-Hoc|iPhoneSimulator
		AppStore|Any CPU = AppStore|Any CPU
		AppStore|iPhone = AppStore|iPhone
		AppStore|iPhoneSimulator = AppStore|iPhoneSimulator
		Debug|Any CPU = Debug|Any CPU
		Debug|iPhone = Debug|iPhone
		Debug|iPhoneSimulator = Debug|iPhoneSimulator
		Release|Any CPU = Release|Any CPU
		Release|iPhone = Release|iPhone
		Release|iPhoneSimulator = Release|iPhoneSimulator
	EndGlobalSection
	GlobalSection(ProjectConfigurationPlatforms) = postSolution
		{15ED361C-5753-428E-A741-8DD8A8867A3C}.Ad-Hoc|Any CPU.ActiveCfg = Release|Any CPU
		{15ED361C-5753-428E-A741-8DD8A8867A3C}.Ad-Hoc|Any CPU.Build.0 = Release|Any CPU
		{15ED361C-5753-428E-A741-8DD8A8867A3C}.Ad-Hoc|Any CPU.Deploy.0 = Release|Any CPU
		{15ED361C-5753-428E-A741-8DD8A8867A3C}.Ad-Hoc|iPhone.ActiveCfg = Debug|Any CPU
		{15ED361C-5753-428E-A741-8DD8A8867A3C}.Ad-Hoc|iPhone.Build.0 = Debug|Any CPU
		{15ED361C-5753-428E-A741-8DD8A8867A3C}.Ad-Hoc|iPhoneSimulator.ActiveCfg = Release|Any CPU
		{15ED361C-5753-428E-A741-8DD8A8867A3C}.Ad-Hoc|iPhoneSimulator.Build.0 = Release|Any CPU
		{15ED361C-5753-428E-A741-8DD8A8867A3C}.Ad-Hoc|iPhoneSimulator.Deploy.0 = Release|Any CPU
		{15ED361C-5753-428E-A741-8DD8A8867A3C}.AppStore|Any CPU.ActiveCfg = Release|Any CPU
		{15ED361C-5753-428E-A741-8DD8A8867A3C}.AppStore|Any CPU.Build.0 = Release|Any CPU
		{15ED361C-5753-428E-A741-8DD8A8867A3C}.AppStore|Any CPU.Deploy.0 = Release|Any CPU
		{15ED361C-5753-428E-A741-8DD8A8867A3C}.AppStore|iPhone.ActiveCfg = Debug|Any CPU
		{15ED361C-5753-428E-A741-8DD8A8867A3C}.AppStore|iPhone.Build.0 = Debug|Any CPU
		{15ED361C-5753-428E-A741-8DD8A8867A3C}.AppStore|iPhoneSimulator.ActiveCfg = Release|Any CPU
		{15ED361C-5753-428E-A741-8DD8A8867A3C}.AppStore|iPhoneSimulator.Build.0 = Release|Any CPU
		{15ED361C-5753-428E-A741-8DD8A8867A3C}.AppStore|iPhoneSimulator.Deploy.0 = Release|Any CPU
		{15ED361C-5753-428E-A741-8DD8A8867A3C}.Debug|Any CPU.ActiveCfg = Debug|Any CPU
		{15ED361C-5753-428E-A741-8DD8A8867A3C}.Debug|Any CPU.Build.0 = Debug|Any CPU
		{15ED361C-5753-428E-A741-8DD8A8867A3C}.Debug|iPhone.ActiveCfg = Debug|Any CPU
		{15ED361C-5753-428E-A741-8DD8A8867A3C}.Debug|iPhone.Build.0 = Debug|Any CPU
		{15ED361C-5753-428E-A741-8DD8A8867A3C}.Debug|iPhoneSimulator.ActiveCfg = Debug|Any CPU
		{15ED361C-5753-428E-A741-8DD8A8867A3C}.Debug|iPhoneSimulator.Build.0 = Debug|Any CPU
		{15ED361C-5753-428E-A741-8DD8A8867A3C}.Release|Any CPU.ActiveCfg = Release|Any CPU
		{15ED361C-5753-428E-A741-8DD8A8867A3C}.Release|Any CPU.Build.0 = Release|Any CPU
		{15ED361C-5753-428E-A741-8DD8A8867A3C}.Release|iPhone.ActiveCfg = Release|Any CPU
		{15ED361C-5753-428E-A741-8DD8A8867A3C}.Release|iPhone.Build.0 = Release|Any CPU
		{15ED361C-5753-428E-A741-8DD8A8867A3C}.Release|iPhoneSimulator.ActiveCfg = Release|Any CPU
		{15ED361C-5753-428E-A741-8DD8A8867A3C}.Release|iPhoneSimulator.Build.0 = Release|Any CPU
		{DD940CA7-525F-4F47-BFA7-55BA7EB8F56C}.Ad-Hoc|Any CPU.ActiveCfg = Ad-Hoc|iPhoneSimulator
		{DD940CA7-525F-4F47-BFA7-55BA7EB8F56C}.Ad-Hoc|iPhone.ActiveCfg = Ad-Hoc|iPhone
		{DD940CA7-525F-4F47-BFA7-55BA7EB8F56C}.Ad-Hoc|iPhone.Build.0 = Ad-Hoc|iPhone
		{DD940CA7-525F-4F47-BFA7-55BA7EB8F56C}.Ad-Hoc|iPhoneSimulator.ActiveCfg = Ad-Hoc|iPhoneSimulator
		{DD940CA7-525F-4F47-BFA7-55BA7EB8F56C}.Ad-Hoc|iPhoneSimulator.Build.0 = Ad-Hoc|iPhoneSimulator
		{DD940CA7-525F-4F47-BFA7-55BA7EB8F56C}.AppStore|Any CPU.ActiveCfg = AppStore|iPhoneSimulator
		{DD940CA7-525F-4F47-BFA7-55BA7EB8F56C}.AppStore|iPhone.ActiveCfg = AppStore|iPhone
		{DD940CA7-525F-4F47-BFA7-55BA7EB8F56C}.AppStore|iPhone.Build.0 = AppStore|iPhone
		{DD940CA7-525F-4F47-BFA7-55BA7EB8F56C}.AppStore|iPhoneSimulator.ActiveCfg = AppStore|iPhoneSimulator
		{DD940CA7-525F-4F47-BFA7-55BA7EB8F56C}.AppStore|iPhoneSimulator.Build.0 = AppStore|iPhoneSimulator
		{DD940CA7-525F-4F47-BFA7-55BA7EB8F56C}.Debug|Any CPU.ActiveCfg = Debug|iPhoneSimulator
		{DD940CA7-525F-4F47-BFA7-55BA7EB8F56C}.Debug|Any CPU.Build.0 = Debug|iPhoneSimulator
		{DD940CA7-525F-4F47-BFA7-55BA7EB8F56C}.Debug|iPhone.ActiveCfg = Debug|iPhone
		{DD940CA7-525F-4F47-BFA7-55BA7EB8F56C}.Debug|iPhone.Build.0 = Debug|iPhone
		{DD940CA7-525F-4F47-BFA7-55BA7EB8F56C}.Debug|iPhoneSimulator.ActiveCfg = Debug|iPhoneSimulator
		{DD940CA7-525F-4F47-BFA7-55BA7EB8F56C}.Debug|iPhoneSimulator.Build.0 = Debug|iPhoneSimulator
		{DD940CA7-525F-4F47-BFA7-55BA7EB8F56C}.Release|Any CPU.ActiveCfg = Release|iPhoneSimulator
		{DD940CA7-525F-4F47-BFA7-55BA7EB8F56C}.Release|Any CPU.Build.0 = Release|iPhoneSimulator
		{DD940CA7-525F-4F47-BFA7-55BA7EB8F56C}.Release|iPhone.ActiveCfg = Release|iPhone
		{DD940CA7-525F-4F47-BFA7-55BA7EB8F56C}.Release|iPhone.Build.0 = Release|iPhone
		{DD940CA7-525F-4F47-BFA7-55BA7EB8F56C}.Release|iPhoneSimulator.ActiveCfg = Release|iPhoneSimulator
		{DD940CA7-525F-4F47-BFA7-55BA7EB8F56C}.Release|iPhoneSimulator.Build.0 = Release|iPhoneSimulator
		{25096A97-772C-407E-A489-F5511B1C2504}.Ad-Hoc|Any CPU.ActiveCfg = Release|Any CPU
		{25096A97-772C-407E-A489-F5511B1C2504}.Ad-Hoc|Any CPU.Build.0 = Release|Any CPU
		{25096A97-772C-407E-A489-F5511B1C2504}.Ad-Hoc|iPhone.ActiveCfg = Debug|Any CPU
		{25096A97-772C-407E-A489-F5511B1C2504}.Ad-Hoc|iPhone.Build.0 = Debug|Any CPU
		{25096A97-772C-407E-A489-F5511B1C2504}.Ad-Hoc|iPhoneSimulator.ActiveCfg = Release|Any CPU
		{25096A97-772C-407E-A489-F5511B1C2504}.Ad-Hoc|iPhoneSimulator.Build.0 = Release|Any CPU
		{25096A97-772C-407E-A489-F5511B1C2504}.AppStore|Any CPU.ActiveCfg = Release|Any CPU
		{25096A97-772C-407E-A489-F5511B1C2504}.AppStore|Any CPU.Build.0 = Release|Any CPU
		{25096A97-772C-407E-A489-F5511B1C2504}.AppStore|iPhone.ActiveCfg = Debug|Any CPU
		{25096A97-772C-407E-A489-F5511B1C2504}.AppStore|iPhone.Build.0 = Debug|Any CPU
		{25096A97-772C-407E-A489-F5511B1C2504}.AppStore|iPhoneSimulator.ActiveCfg = Release|Any CPU
		{25096A97-772C-407E-A489-F5511B1C2504}.AppStore|iPhoneSimulator.Build.0 = Release|Any CPU
		{25096A97-772C-407E-A489-F5511B1C2504}.Debug|Any CPU.ActiveCfg = Debug|Any CPU
		{25096A97-772C-407E-A489-F5511B1C2504}.Debug|Any CPU.Build.0 = Debug|Any CPU
		{25096A97-772C-407E-A489-F5511B1C2504}.Debug|iPhone.ActiveCfg = Debug|Any CPU
		{25096A97-772C-407E-A489-F5511B1C2504}.Debug|iPhone.Build.0 = Debug|Any CPU
		{25096A97-772C-407E-A489-F5511B1C2504}.Debug|iPhoneSimulator.ActiveCfg = Debug|Any CPU
		{25096A97-772C-407E-A489-F5511B1C2504}.Debug|iPhoneSimulator.Build.0 = Debug|Any CPU
		{25096A97-772C-407E-A489-F5511B1C2504}.Release|Any CPU.ActiveCfg = Release|Any CPU
		{25096A97-772C-407E-A489-F5511B1C2504}.Release|Any CPU.Build.0 = Release|Any CPU
		{25096A97-772C-407E-A489-F5511B1C2504}.Release|iPhone.ActiveCfg = Release|Any CPU
		{25096A97-772C-407E-A489-F5511B1C2504}.Release|iPhone.Build.0 = Release|Any CPU
		{25096A97-772C-407E-A489-F5511B1C2504}.Release|iPhoneSimulator.ActiveCfg = Release|Any CPU
		{25096A97-772C-407E-A489-F5511B1C2504}.Release|iPhoneSimulator.Build.0 = Release|Any CPU
	EndGlobalSection
	GlobalSection(SolutionProperties) = preSolution
		HideSolutionNode = FALSE
	EndGlobalSection
	GlobalSection(ExtensibilityGlobals) = postSolution
		SolutionGuid = {2FDD6B5A-970D-4E24-926B-0FBC5EF8C51F}
	EndGlobalSection
EndGlobal
